Microsoft Visual Studio Solution File, Format Version 12.00
# Visual Studio Version 17
VisualStudioVersion = 17.5.2.0
MinimumVisualStudioVersion = 10.0.40219.1
Project("{FAE04EC0-301F-11D3-BF4B-00C04F79EFBC}") = "Commander.Tests", "Commander.Tests.csproj", "{244E311C-97F6-C333-93A6-DC5AAC2D2419}"
EndProject
Global
	GlobalSection(SolutionConfigurationPlatforms) = preSolution
		Debug|Any CPU = Debug|Any CPU
		Release|Any CPU = Release|Any CPU
	EndGlobalSection
	GlobalSection(ProjectConfigurationPlatforms) = postSolution
		{244E311C-97F6-C333-93A6-DC5AAC2D2419}.Debug|Any CPU.ActiveCfg = Debug|Any CPU
		{244E311C-97F6-C333-93A6-DC5AAC2D2419}.Debug|Any CPU.Build.0 = Debug|Any CPU
		{244E311C-97F6-C333-93A6-DC5AAC2D2419}.Release|Any CPU.ActiveCfg = Release|Any CPU
		{244E311C-97F6-C333-93A6-DC5AAC2D2419}.Release|Any CPU.Build.0 = Release|Any CPU
	EndGlobalSection
	GlobalSection(SolutionProperties) = preSolution
		HideSolutionNode = FALSE
	EndGlobalSection
	GlobalSection(ExtensibilityGlobals) = postSolution
		SolutionGuid = {628F4ED9-D4F1-4108-9E8F-3678207B3279}
	EndGlobalSection
EndGlobal
